<?xml version="1.0" encoding="utf-8"?>
<Project ToolsVersion="4.0" xmlns="http://schemas.microsoft.com/developer/msbuild/2003">
  <ItemGroup>
    <Filter Include="Source Files">
      <UniqueIdentifier>{4FC737F1-C7A5-4376-A066-2A32D752A2FF}</UniqueIdentifier>
      <Extensions>cpp;c;cc;cxx;def;odl;idl;hpj;bat;asm;asmx</Extensions>
    </Filter>
    <Filter Include="Header Files">
      <UniqueIdentifier>{93995380-89BD-4b04-88EB-625FBE52EBFB}</UniqueIdentifier>
      <Extensions>h;hh;hpp;hxx;hm;inl;inc;xsd</Extensions>
    </Filter>
    <Filter Include="Resource Files">
      <UniqueIdentifier>{67DA6AB6-F800-4c08-8B7A-83BB121AAD01}</UniqueIdentifier>
      <Extensions>rc;ico;cur;bmp;dlg;rc2;rct;bin;rgs;gif;jpg;jpeg;jpe;resx;tiff;tif;png;wav</Extensions>
    </Filter>
  </ItemGroup>
  <ItemGroup>
    <ClCompile Include="tasks\1 task\task1.cpp">
      <Filter>Source Files</Filter>
    </ClCompile>
    <ClCompile Include="tasks\1 task\src\main.cpp">
      <Filter>Source Files</Filter>
    </ClCompile>
    <ClCompile Include="tasks\1 task\src\plots.cpp">
      <Filter>Source Files</Filter>
    </ClCompile>
    <ClCompile Include="tasks\1 task\tests\test.cpp">
      <Filter>Source Files</Filter>
    </ClCompile>
    <ClCompile Include="tasks\dynamic_array\test_dynamic_array.cpp">
      <Filter>Source Files</Filter>
    </ClCompile>
    <ClCompile Include="tasks\list\test_linked_list.cpp">
      <Filter>Source Files</Filter>
    </ClCompile>
    <ClCompile Include="tasks\recursion\main.cpp">
      <Filter>Source Files</Filter>
    </ClCompile>
    <ClCompile Include="tasks\recursion\test.cpp">
      <Filter>Source Files</Filter>
    </ClCompile>
    <ClCompile Include="tasks\recursion\text_utils.cpp">
      <Filter>Source Files</Filter>
    </ClCompile>
    <ClCompile Include="tasks\stack\tests.cpp">
      <Filter>Source Files</Filter>
    </ClCompile>
    <ClCompile Include="tasks\templates\templates.cpp">
      <Filter>Source Files</Filter>
    </ClCompile>
    <ClCompile Include="tasks\tree\tree.cpp">
      <Filter>Source Files</Filter>
    </ClCompile>
  </ItemGroup>
  <ItemGroup>
    <ClInclude Include="tasks\dynamic_array\dynamic_array.hpp">
      <Filter>Header Files</Filter>
    </ClInclude>
    <ClInclude Include="tasks\list\linked_list.hpp">
      <Filter>Header Files</Filter>
    </ClInclude>
    <ClInclude Include="tasks\recursion\text_utils.hpp">
      <Filter>Header Files</Filter>
    </ClInclude>
    <ClInclude Include="tasks\stack\calculator.hpp">
      <Filter>Header Files</Filter>
    </ClInclude>
    <ClInclude Include="tasks\stack\stack.hpp">
      <Filter>Header Files</Filter>
    </ClInclude>
    <ClInclude Include="tasks\templates\templates.hpp">
      <Filter>Header Files</Filter>
    </ClInclude>
  </ItemGroup>
</Project>